
Microsoft Visual Studio Solution File, Format Version 12.00
# Visual Studio Version 16
VisualStudioVersion = 16.0.29411.108
MinimumVisualStudioVersion = 10.0.40219.1
Project("{9A19103F-16F7-4668-BE54-9A1E7A4F7556}") = "RaidProject", "RaidProject.csproj", "{F33B330D-B25D-4AC8-A7D6-EBB8A4BE2F10}"
EndProject
Global
	GlobalSection(SolutionConfigurationPlatforms) = preSolution
		Debug|Any CPU = Debug|Any CPU
		Release|Any CPU = Release|Any CPU
	EndGlobalSection
	GlobalSection(ProjectConfigurationPlatforms) = postSolution
		{F33B330D-B25D-4AC8-A7D6-EBB8A4BE2F10}.Debug|Any CPU.ActiveCfg = Debug|Any CPU
		{F33B330D-B25D-4AC8-A7D6-EBB8A4BE2F10}.Debug|Any CPU.Build.0 = Debug|Any CPU
		{F33B330D-B25D-4AC8-A7D6-EBB8A4BE2F10}.Release|Any CPU.ActiveCfg = Release|Any CPU
		{F33B330D-B25D-4AC8-A7D6-EBB8A4BE2F10}.Release|Any CPU.Build.0 = Release|Any CPU
	EndGlobalSection
	GlobalSection(SolutionProperties) = preSolution
		HideSolutionNode = FALSE
	EndGlobalSection
	GlobalSection(ExtensibilityGlobals) = postSolution
		SolutionGuid = {172FA7EB-FD6C-4B7B-8ABF-4A3DAA9DFED0}
	EndGlobalSection
	GlobalSection(TeamFoundationVersionControl) = preSolution
		SccNumberOfProjects = 2
		SccEnterpriseProvider = {4CA58AB2-18FA-4F8D-95D4-32DDF27D184C}
		SccTeamFoundationServer = http://dt00tf50:8080/tfs/defaultcollection
		SccLocalPath0 = .
		SccProjectUniqueName1 = RaidProject.csproj
		SccLocalPath1 = .
	EndGlobalSection
EndGlobal
